
Microsoft Visual Studio Solution File, Format Version 12.00
# Visual Studio Version 16
VisualStudioVersion = 16.0.29020.237
MinimumVisualStudioVersion = 10.0.40219.1
Project("{FAE04EC0-301F-11D3-BF4B-00C04F79EFBC}") = "SensitivityMatcherXAML", "SensitivityMatcherXAML\SensitivityMatcherXAML.csproj", "{CAC0814B-C249-452F-B6C4-0BA5660DE5B5}"
EndProject
Global
	GlobalSection(SolutionConfigurationPlatforms) = preSolution
		Debug|Any CPU = Debug|Any CPU
		Release|Any CPU = Release|Any CPU
	EndGlobalSection
	GlobalSection(ProjectConfigurationPlatforms) = postSolution
		{CAC0814B-C249-452F-B6C4-0BA5660DE5B5}.Debug|Any CPU.ActiveCfg = Debug|Any CPU
		{CAC0814B-C249-452F-B6C4-0BA5660DE5B5}.Debug|Any CPU.Build.0 = Debug|Any CPU
		{CAC0814B-C249-452F-B6C4-0BA5660DE5B5}.Release|Any CPU.ActiveCfg = Release|Any CPU
		{CAC0814B-C249-452F-B6C4-0BA5660DE5B5}.Release|Any CPU.Build.0 = Release|Any CPU
	EndGlobalSection
	GlobalSection(SolutionProperties) = preSolution
		HideSolutionNode = FALSE
	EndGlobalSection
	GlobalSection(ExtensibilityGlobals) = postSolution
		BuildVersion_StartDate = 2000/1/1
		SolutionGuid = {2C208CA0-C8CA-47D7-8700-FE3BD12263C9}
	EndGlobalSection
EndGlobal
